
Microsoft Visual Studio Solution File, Format Version 12.00
# Visual Studio Version 17
VisualStudioVersion = 17.9.34701.34
MinimumVisualStudioVersion = 10.0.40219.1
Project("{FAE04EC0-301F-11D3-BF4B-00C04F79EFBC}") = "RespiteClinic", "RespiteClinic\RespiteClinic.csproj", "{13831BF5-B5C1-4464-A0AD-29B24554C6BD}"
EndProject
Global
	GlobalSection(SolutionConfigurationPlatforms) = preSolution
		Debug|Any CPU = Debug|Any CPU
		Release|Any CPU = Release|Any CPU
	EndGlobalSection
	GlobalSection(ProjectConfigurationPlatforms) = postSolution
		{13831BF5-B5C1-4464-A0AD-29B24554C6BD}.Debug|Any CPU.ActiveCfg = Debug|Any CPU
		{13831BF5-B5C1-4464-A0AD-29B24554C6BD}.Debug|Any CPU.Build.0 = Debug|Any CPU
		{13831BF5-B5C1-4464-A0AD-29B24554C6BD}.Release|Any CPU.ActiveCfg = Release|Any CPU
		{13831BF5-B5C1-4464-A0AD-29B24554C6BD}.Release|Any CPU.Build.0 = Release|Any CPU
	EndGlobalSection
	GlobalSection(SolutionProperties) = preSolution
		HideSolutionNode = FALSE
	EndGlobalSection
	GlobalSection(ExtensibilityGlobals) = postSolution
		SolutionGuid = {B1540C8C-88C3-4860-9122-5AA37D3F2119}
	EndGlobalSection
EndGlobal
